
Microsoft Visual Studio Solution File, Format Version 12.00
# Visual Studio Version 16
VisualStudioVersion = 16.0.31515.178
MinimumVisualStudioVersion = 10.0.40219.1
Project("{9A19103F-16F7-4668-BE54-9A1E7A4F7556}") = "MarkZCL.RSAUtil", "MarkZCL.RSAUtil\MarkZCL.RSAUtil.csproj", "{9C17FA3F-920F-45C0-B0E4-BEB2F67575EE}"
EndProject
Project("{FAE04EC0-301F-11D3-BF4B-00C04F79EFBC}") = "MarkZCL.RSAUtil.Test", "MarkZCL.RSAUtil.Test\MarkZCL.RSAUtil.Test.csproj", "{6E2C746C-0DE8-4CE8-9C67-118D4766E8E1}"
EndProject
Global
	GlobalSection(SolutionConfigurationPlatforms) = preSolution
		Debug|Any CPU = Debug|Any CPU
		Release|Any CPU = Release|Any CPU
	EndGlobalSection
	GlobalSection(ProjectConfigurationPlatforms) = postSolution
		{9C17FA3F-920F-45C0-B0E4-BEB2F67575EE}.Debug|Any CPU.ActiveCfg = Debug|Any CPU
		{9C17FA3F-920F-45C0-B0E4-BEB2F67575EE}.Debug|Any CPU.Build.0 = Debug|Any CPU
		{9C17FA3F-920F-45C0-B0E4-BEB2F67575EE}.Release|Any CPU.ActiveCfg = Release|Any CPU
		{9C17FA3F-920F-45C0-B0E4-BEB2F67575EE}.Release|Any CPU.Build.0 = Release|Any CPU
		{6E2C746C-0DE8-4CE8-9C67-118D4766E8E1}.Debug|Any CPU.ActiveCfg = Debug|Any CPU
		{6E2C746C-0DE8-4CE8-9C67-118D4766E8E1}.Debug|Any CPU.Build.0 = Debug|Any CPU
		{6E2C746C-0DE8-4CE8-9C67-118D4766E8E1}.Release|Any CPU.ActiveCfg = Release|Any CPU
		{6E2C746C-0DE8-4CE8-9C67-118D4766E8E1}.Release|Any CPU.Build.0 = Release|Any CPU
	EndGlobalSection
	GlobalSection(SolutionProperties) = preSolution
		HideSolutionNode = FALSE
	EndGlobalSection
	GlobalSection(ExtensibilityGlobals) = postSolution
		SolutionGuid = {3065A394-F292-47F8-A2E7-DA8FE3840BFE}
	EndGlobalSection
EndGlobal
